
Microsoft Visual Studio Solution File, Format Version 12.00
# Visual Studio 2012
Project("{FAE04EC0-301F-11D3-BF4B-00C04F79EFBC}") = "Latihan_1_1", "Latihan_1_1\Latihan_1_1.csproj", "{BA26674C-9BAA-4E73-928B-C7AEA7ED137D}"
EndProject
Project("{FAE04EC0-301F-11D3-BF4B-00C04F79EFBC}") = "Latihan_2_1", "Latihan_2_1\Latihan_2_1.csproj", "{5B700CEE-377F-4562-A779-CE77122F967F}"
EndProject
Project("{FAE04EC0-301F-11D3-BF4B-00C04F79EFBC}") = "Latihan_3_1", "Latihan_3_1\Latihan_3_1.csproj", "{22AACDF0-D13E-4903-885D-B318BEDF2339}"
EndProject
Project("{FAE04EC0-301F-11D3-BF4B-00C04F79EFBC}") = "Latihan_4_1", "Latihan_4_1\Latihan_4_1.csproj", "{AD7237BD-5701-44B9-8029-07A2D54D74F4}"
EndProject
Global
	GlobalSection(SolutionConfigurationPlatforms) = preSolution
		Debug|Any CPU = Debug|Any CPU
		Release|Any CPU = Release|Any CPU
	EndGlobalSection
	GlobalSection(ProjectConfigurationPlatforms) = postSolution
		{BA26674C-9BAA-4E73-928B-C7AEA7ED137D}.Debug|Any CPU.ActiveCfg = Debug|Any CPU
		{BA26674C-9BAA-4E73-928B-C7AEA7ED137D}.Debug|Any CPU.Build.0 = Debug|Any CPU
		{BA26674C-9BAA-4E73-928B-C7AEA7ED137D}.Release|Any CPU.ActiveCfg = Release|Any CPU
		{BA26674C-9BAA-4E73-928B-C7AEA7ED137D}.Release|Any CPU.Build.0 = Release|Any CPU
		{5B700CEE-377F-4562-A779-CE77122F967F}.Debug|Any CPU.ActiveCfg = Debug|Any CPU
		{5B700CEE-377F-4562-A779-CE77122F967F}.Debug|Any CPU.Build.0 = Debug|Any CPU
		{5B700CEE-377F-4562-A779-CE77122F967F}.Release|Any CPU.ActiveCfg = Release|Any CPU
		{5B700CEE-377F-4562-A779-CE77122F967F}.Release|Any CPU.Build.0 = Release|Any CPU
		{22AACDF0-D13E-4903-885D-B318BEDF2339}.Debug|Any CPU.ActiveCfg = Debug|Any CPU
		{22AACDF0-D13E-4903-885D-B318BEDF2339}.Debug|Any CPU.Build.0 = Debug|Any CPU
		{22AACDF0-D13E-4903-885D-B318BEDF2339}.Release|Any CPU.ActiveCfg = Release|Any CPU
		{22AACDF0-D13E-4903-885D-B318BEDF2339}.Release|Any CPU.Build.0 = Release|Any CPU
		{AD7237BD-5701-44B9-8029-07A2D54D74F4}.Debug|Any CPU.ActiveCfg = Debug|Any CPU
		{AD7237BD-5701-44B9-8029-07A2D54D74F4}.Debug|Any CPU.Build.0 = Debug|Any CPU
		{AD7237BD-5701-44B9-8029-07A2D54D74F4}.Release|Any CPU.ActiveCfg = Release|Any CPU
		{AD7237BD-5701-44B9-8029-07A2D54D74F4}.Release|Any CPU.Build.0 = Release|Any CPU
	EndGlobalSection
	GlobalSection(SolutionProperties) = preSolution
		HideSolutionNode = FALSE
	EndGlobalSection
EndGlobal
